
Microsoft Visual Studio Solution File, Format Version 12.00
# Visual Studio Version 17
VisualStudioVersion = 17.3.32901.215
MinimumVisualStudioVersion = 10.0.40219.1
Project("{FAE04EC0-301F-11D3-BF4B-00C04F79EFBC}") = "ForumAppExtended", "ForumAppExtended\ForumAppExtended.csproj", "{0BF00FFE-D7EA-4F85-8BAE-7DA7FBEB42E6}"
EndProject
Global
	GlobalSection(SolutionConfigurationPlatforms) = preSolution
		Debug|Any CPU = Debug|Any CPU
		Release|Any CPU = Release|Any CPU
	EndGlobalSection
	GlobalSection(ProjectConfigurationPlatforms) = postSolution
		{0BF00FFE-D7EA-4F85-8BAE-7DA7FBEB42E6}.Debug|Any CPU.ActiveCfg = Debug|Any CPU
		{0BF00FFE-D7EA-4F85-8BAE-7DA7FBEB42E6}.Debug|Any CPU.Build.0 = Debug|Any CPU
		{0BF00FFE-D7EA-4F85-8BAE-7DA7FBEB42E6}.Release|Any CPU.ActiveCfg = Release|Any CPU
		{0BF00FFE-D7EA-4F85-8BAE-7DA7FBEB42E6}.Release|Any CPU.Build.0 = Release|Any CPU
	EndGlobalSection
	GlobalSection(SolutionProperties) = preSolution
		HideSolutionNode = FALSE
	EndGlobalSection
	GlobalSection(ExtensibilityGlobals) = postSolution
		SolutionGuid = {83D311EE-3098-4662-A328-140287B350B2}
	EndGlobalSection
EndGlobal
