
Microsoft Visual Studio Solution File, Format Version 12.00
# Visual Studio Version 17
VisualStudioVersion = 17.3.32901.215
MinimumVisualStudioVersion = 10.0.40219.1
Project("{FAE04EC0-301F-11D3-BF4B-00C04F79EFBC}") = "01.MVC-Intro-Demo", "01.MVC-Intro-Demo\01.MVC-Intro-Demo.csproj", "{3BA949B2-6CED-4307-905F-332819A1EAB1}"
EndProject
Global
	GlobalSection(SolutionConfigurationPlatforms) = preSolution
		Debug|Any CPU = Debug|Any CPU
		Release|Any CPU = Release|Any CPU
	EndGlobalSection
	GlobalSection(ProjectConfigurationPlatforms) = postSolution
		{3BA949B2-6CED-4307-905F-332819A1EAB1}.Debug|Any CPU.ActiveCfg = Debug|Any CPU
		{3BA949B2-6CED-4307-905F-332819A1EAB1}.Debug|Any CPU.Build.0 = Debug|Any CPU
		{3BA949B2-6CED-4307-905F-332819A1EAB1}.Release|Any CPU.ActiveCfg = Release|Any CPU
		{3BA949B2-6CED-4307-905F-332819A1EAB1}.Release|Any CPU.Build.0 = Release|Any CPU
	EndGlobalSection
	GlobalSection(SolutionProperties) = preSolution
		HideSolutionNode = FALSE
	EndGlobalSection
	GlobalSection(ExtensibilityGlobals) = postSolution
		SolutionGuid = {0651C45B-239B-427A-91AB-7D2E7ADD4CFA}
	EndGlobalSection
EndGlobal
