
Microsoft Visual Studio Solution File, Format Version 12.00
# Visual Studio Version 17
VisualStudioVersion = 17.3.32901.215
MinimumVisualStudioVersion = 10.0.40219.1
Project("{FAE04EC0-301F-11D3-BF4B-00C04F79EFBC}") = "ChatApp", "ChatApp\ChatApp.csproj", "{CC13D017-B712-482A-9022-723851B7A5A4}"
EndProject
Global
	GlobalSection(SolutionConfigurationPlatforms) = preSolution
		Debug|Any CPU = Debug|Any CPU
		Release|Any CPU = Release|Any CPU
	EndGlobalSection
	GlobalSection(ProjectConfigurationPlatforms) = postSolution
		{CC13D017-B712-482A-9022-723851B7A5A4}.Debug|Any CPU.ActiveCfg = Debug|Any CPU
		{CC13D017-B712-482A-9022-723851B7A5A4}.Debug|Any CPU.Build.0 = Debug|Any CPU
		{CC13D017-B712-482A-9022-723851B7A5A4}.Release|Any CPU.ActiveCfg = Release|Any CPU
		{CC13D017-B712-482A-9022-723851B7A5A4}.Release|Any CPU.Build.0 = Release|Any CPU
	EndGlobalSection
	GlobalSection(SolutionProperties) = preSolution
		HideSolutionNode = FALSE
	EndGlobalSection
	GlobalSection(ExtensibilityGlobals) = postSolution
		SolutionGuid = {50BAC8DD-C2F4-4DA5-A612-FC33F88FD227}
	EndGlobalSection
EndGlobal
